
Microsoft Visual Studio Solution File, Format Version 12.00
# Visual Studio Version 16
VisualStudioVersion = 16.0.29215.179
MinimumVisualStudioVersion = 10.0.40219.1
Project("{FAE04EC0-301F-11D3-BF4B-00C04F79EFBC}") = "ProcessNote", "ProcessNote\ProcessNote.csproj", "{4E90D09E-E0B7-43D7-B428-1D6484798B74}"
EndProject
Global
	GlobalSection(SolutionConfigurationPlatforms) = preSolution
		Debug|Any CPU = Debug|Any CPU
		Debug|x64 = Debug|x64
		Release|Any CPU = Release|Any CPU
		Release|x64 = Release|x64
	EndGlobalSection
	GlobalSection(ProjectConfigurationPlatforms) = postSolution
		{4E90D09E-E0B7-43D7-B428-1D6484798B74}.Debug|Any CPU.ActiveCfg = Debug|Any CPU
		{4E90D09E-E0B7-43D7-B428-1D6484798B74}.Debug|Any CPU.Build.0 = Debug|Any CPU
		{4E90D09E-E0B7-43D7-B428-1D6484798B74}.Debug|x64.ActiveCfg = Debug|x64
		{4E90D09E-E0B7-43D7-B428-1D6484798B74}.Debug|x64.Build.0 = Debug|x64
		{4E90D09E-E0B7-43D7-B428-1D6484798B74}.Release|Any CPU.ActiveCfg = Release|Any CPU
		{4E90D09E-E0B7-43D7-B428-1D6484798B74}.Release|Any CPU.Build.0 = Release|Any CPU
		{4E90D09E-E0B7-43D7-B428-1D6484798B74}.Release|x64.ActiveCfg = Release|x64
		{4E90D09E-E0B7-43D7-B428-1D6484798B74}.Release|x64.Build.0 = Release|x64
	EndGlobalSection
	GlobalSection(SolutionProperties) = preSolution
		HideSolutionNode = FALSE
	EndGlobalSection
	GlobalSection(ExtensibilityGlobals) = postSolution
		SolutionGuid = {768C74E7-CDF7-43FD-9D40-FE49FE448ADD}
	EndGlobalSection
EndGlobal
